// !$*UTF8*$!
{
	archiveVersion = 1;
	classes = {
	};
	objectVersion = 56;
	objects = {

/* Begin PBXBuildFile section */
		64596A542A990A1200775CF0 /* AppDelegate.swift in Sources */ = {isa = PBXBuildFile; fileRef = 64596A532A990A1200775CF0 /* AppDelegate.swift */; };
		64596A562A990A1200775CF0 /* SceneDelegate.swift in Sources */ = {isa = PBXBuildFile; fileRef = 64596A552A990A1200775CF0 /* SceneDelegate.swift */; };
		64596A582A990A1200775CF0 /* MenuViewController.swift in Sources */ = {isa = PBXBuildFile; fileRef = 64596A572A990A1200775CF0 /* MenuViewController.swift */; };
		64596A5B2A990A1200775CF0 /* Main.storyboard in Resources */ = {isa = PBXBuildFile; fileRef = 64596A592A990A1200775CF0 /* Main.storyboard */; };
		64596A5D2A990A1400775CF0 /* Assets.xcassets in Resources */ = {isa = PBXBuildFile; fileRef = 64596A5C2A990A1400775CF0 /* Assets.xcassets */; };
		64596A602A990A1400775CF0 /* LaunchScreen.storyboard in Resources */ = {isa = PBXBuildFile; fileRef = 64596A5E2A990A1400775CF0 /* LaunchScreen.storyboard */; };
		64596A6B2A990A1500775CF0 /* MenuPresenterTests.swift in Sources */ = {isa = PBXBuildFile; fileRef = 64596A6A2A990A1500775CF0 /* MenuPresenterTests.swift */; };
		64596A872A990B2300775CF0 /* WalletViewController.swift in Sources */ = {isa = PBXBuildFile; fileRef = 64596A862A990B2300775CF0 /* WalletViewController.swift */; };
		64596A892A990B4C00775CF0 /* DetailsViewController.swift in Sources */ = {isa = PBXBuildFile; fileRef = 64596A882A990B4C00775CF0 /* DetailsViewController.swift */; };
		64596A8C2A990BDD00775CF0 /* CryptoCurrencyTableViewCell.swift in Sources */ = {isa = PBXBuildFile; fileRef = 64596A8A2A990BDD00775CF0 /* CryptoCurrencyTableViewCell.swift */; };
		64596A8D2A990BDD00775CF0 /* CryptoCurrencyTableViewCell.xib in Resources */ = {isa = PBXBuildFile; fileRef = 64596A8B2A990BDD00775CF0 /* CryptoCurrencyTableViewCell.xib */; };
		64596A8F2A99584700775CF0 /* CurrencyInformation.swift in Sources */ = {isa = PBXBuildFile; fileRef = 64596A8E2A99584700775CF0 /* CurrencyInformation.swift */; };
		64596A912A99586100775CF0 /* CurrencyPresenter.swift in Sources */ = {isa = PBXBuildFile; fileRef = 64596A902A99586100775CF0 /* CurrencyPresenter.swift */; };
		64596A932A99589B00775CF0 /* CurrencyModel.swift in Sources */ = {isa = PBXBuildFile; fileRef = 64596A922A99589B00775CF0 /* CurrencyModel.swift */; };
		649EE5312A9AB7FD009F6234 /* MenuPresenter.swift in Sources */ = {isa = PBXBuildFile; fileRef = 649EE5302A9AB7FD009F6234 /* MenuPresenter.swift */; };
		649EE5342A9AB92E009F6234 /* MenuModel.swift in Sources */ = {isa = PBXBuildFile; fileRef = 649EE5332A9AB92E009F6234 /* MenuModel.swift */; };
		649EE53A2A9ABD26009F6234 /* WalletPresenter.swift in Sources */ = {isa = PBXBuildFile; fileRef = 649EE5392A9ABD26009F6234 /* WalletPresenter.swift */; };
		649EE53C2A9ABD7E009F6234 /* WalletModel.swift in Sources */ = {isa = PBXBuildFile; fileRef = 649EE53B2A9ABD7E009F6234 /* WalletModel.swift */; };
		649EE5442A9ACFB6009F6234 /* WalletPresenterTests.swift in Sources */ = {isa = PBXBuildFile; fileRef = 649EE5432A9ACFB6009F6234 /* WalletPresenterTests.swift */; };
		64D435AD2A9BA7B300578430 /* URLProtocolMock.swift in Sources */ = {isa = PBXBuildFile; fileRef = 64D435AC2A9BA7B300578430 /* URLProtocolMock.swift */; };
		64D435AF2A9BA83F00578430 /* CurrencyPresenterTests.swift in Sources */ = {isa = PBXBuildFile; fileRef = 64D435AE2A9BA83F00578430 /* CurrencyPresenterTests.swift */; };
		64D435B12A9BA97000578430 /* CurrencyPresenterDelegateMock.swift in Sources */ = {isa = PBXBuildFile; fileRef = 64D435B02A9BA97000578430 /* CurrencyPresenterDelegateMock.swift */; };
		64D435B62A9BBD3500578430 /* KWallet.swift in Sources */ = {isa = PBXBuildFile; fileRef = 64D435B52A9BBD3500578430 /* KWallet.swift */; };
		64D435B82A9BBEF700578430 /* KCryptoDetails.swift in Sources */ = {isa = PBXBuildFile; fileRef = 64D435B72A9BBEF700578430 /* KCryptoDetails.swift */; };
/* End PBXBuildFile section */

/* Begin PBXContainerItemProxy section */
		64596A672A990A1500775CF0 /* PBXContainerItemProxy */ = {
			isa = PBXContainerItemProxy;
			containerPortal = 64596A482A990A1200775CF0 /* Project object */;
			proxyType = 1;
			remoteGlobalIDString = 64596A4F2A990A1200775CF0;
			remoteInfo = PruebaTecnica;
		};
/* End PBXContainerItemProxy section */

/* Begin PBXFileReference section */
		64596A502A990A1200775CF0 /* PruebaTecnica.app */ = {isa = PBXFileReference; explicitFileType = wrapper.application; includeInIndex = 0; path = PruebaTecnica.app; sourceTree = BUILT_PRODUCTS_DIR; };
		64596A532A990A1200775CF0 /* AppDelegate.swift */ = {isa = PBXFileReference; lastKnownFileType = sourcecode.swift; path = AppDelegate.swift; sourceTree = "<group>"; };
		64596A552A990A1200775CF0 /* SceneDelegate.swift */ = {isa = PBXFileReference; lastKnownFileType = sourcecode.swift; path = SceneDelegate.swift; sourceTree = "<group>"; };
		64596A572A990A1200775CF0 /* MenuViewController.swift */ = {isa = PBXFileReference; lastKnownFileType = sourcecode.swift; path = MenuViewController.swift; sourceTree = "<group>"; };
		64596A5A2A990A1200775CF0 /* Base */ = {isa = PBXFileReference; lastKnownFileType = file.storyboard; name = Base; path = Base.lproj/Main.storyboard; sourceTree = "<group>"; };
		64596A5C2A990A1400775CF0 /* Assets.xcassets */ = {isa = PBXFileReference; lastKnownFileType = folder.assetcatalog; path = Assets.xcassets; sourceTree = "<group>"; };
		64596A5F2A990A1400775CF0 /* Base */ = {isa = PBXFileReference; lastKnownFileType = file.storyboard; name = Base; path = Base.lproj/LaunchScreen.storyboard; sourceTree = "<group>"; };
		64596A612A990A1400775CF0 /* Info.plist */ = {isa = PBXFileReference; lastKnownFileType = text.plist.xml; path = Info.plist; sourceTree = "<group>"; };
		64596A662A990A1500775CF0 /* PruebaTecnicaTests.xctest */ = {isa = PBXFileReference; explicitFileType = wrapper.cfbundle; includeInIndex = 0; path = PruebaTecnicaTests.xctest; sourceTree = BUILT_PRODUCTS_DIR; };
		64596A6A2A990A1500775CF0 /* MenuPresenterTests.swift */ = {isa = PBXFileReference; lastKnownFileType = sourcecode.swift; path = MenuPresenterTests.swift; sourceTree = "<group>"; };
		64596A862A990B2300775CF0 /* WalletViewController.swift */ = {isa = PBXFileReference; lastKnownFileType = sourcecode.swift; path = WalletViewController.swift; sourceTree = "<group>"; };
		64596A882A990B4C00775CF0 /* DetailsViewController.swift */ = {isa = PBXFileReference; lastKnownFileType = sourcecode.swift; path = DetailsViewController.swift; sourceTree = "<group>"; };
		64596A8A2A990BDD00775CF0 /* CryptoCurrencyTableViewCell.swift */ = {isa = PBXFileReference; lastKnownFileType = sourcecode.swift; path = CryptoCurrencyTableViewCell.swift; sourceTree = "<group>"; };
		64596A8B2A990BDD00775CF0 /* CryptoCurrencyTableViewCell.xib */ = {isa = PBXFileReference; lastKnownFileType = file.xib; path = CryptoCurrencyTableViewCell.xib; sourceTree = "<group>"; };
		64596A8E2A99584700775CF0 /* CurrencyInformation.swift */ = {isa = PBXFileReference; lastKnownFileType = sourcecode.swift; path = CurrencyInformation.swift; sourceTree = "<group>"; };
		64596A902A99586100775CF0 /* CurrencyPresenter.swift */ = {isa = PBXFileReference; lastKnownFileType = sourcecode.swift; path = CurrencyPresenter.swift; sourceTree = "<group>"; };
		64596A922A99589B00775CF0 /* CurrencyModel.swift */ = {isa = PBXFileReference; lastKnownFileType = sourcecode.swift; path = CurrencyModel.swift; sourceTree = "<group>"; };
		649EE5302A9AB7FD009F6234 /* MenuPresenter.swift */ = {isa = PBXFileReference; lastKnownFileType = sourcecode.swift; path = MenuPresenter.swift; sourceTree = "<group>"; };
		649EE5332A9AB92E009F6234 /* MenuModel.swift */ = {isa = PBXFileReference; lastKnownFileType = sourcecode.swift; path = MenuModel.swift; sourceTree = "<group>"; };
		649EE5392A9ABD26009F6234 /* WalletPresenter.swift */ = {isa = PBXFileReference; lastKnownFileType = sourcecode.swift; path = WalletPresenter.swift; sourceTree = "<group>"; };
		649EE53B2A9ABD7E009F6234 /* WalletModel.swift */ = {isa = PBXFileReference; lastKnownFileType = sourcecode.swift; path = WalletModel.swift; sourceTree = "<group>"; };
		649EE5432A9ACFB6009F6234 /* WalletPresenterTests.swift */ = {isa = PBXFileReference; lastKnownFileType = sourcecode.swift; path = WalletPresenterTests.swift; sourceTree = "<group>"; };
		64D435AC2A9BA7B300578430 /* URLProtocolMock.swift */ = {isa = PBXFileReference; lastKnownFileType = sourcecode.swift; path = URLProtocolMock.swift; sourceTree = "<group>"; };
		64D435AE2A9BA83F00578430 /* CurrencyPresenterTests.swift */ = {isa = PBXFileReference; lastKnownFileType = sourcecode.swift; path = CurrencyPresenterTests.swift; sourceTree = "<group>"; };
		64D435B02A9BA97000578430 /* CurrencyPresenterDelegateMock.swift */ = {isa = PBXFileReference; lastKnownFileType = sourcecode.swift; path = CurrencyPresenterDelegateMock.swift; sourceTree = "<group>"; };
		64D435B22A9BB98B00578430 /* SchemePruebaTecnica.xctestplan */ = {isa = PBXFileReference; lastKnownFileType = text; path = SchemePruebaTecnica.xctestplan; sourceTree = "<group>"; };
		64D435B52A9BBD3500578430 /* KWallet.swift */ = {isa = PBXFileReference; lastKnownFileType = sourcecode.swift; path = KWallet.swift; sourceTree = "<group>"; };
		64D435B72A9BBEF700578430 /* KCryptoDetails.swift */ = {isa = PBXFileReference; lastKnownFileType = sourcecode.swift; path = KCryptoDetails.swift; sourceTree = "<group>"; };
/* End PBXFileReference section */

/* Begin PBXFrameworksBuildPhase section */
		64596A4D2A990A1200775CF0 /* Frameworks */ = {
			isa = PBXFrameworksBuildPhase;
			buildActionMask = 2147483647;
			files = (
			);
			runOnlyForDeploymentPostprocessing = 0;
		};
		64596A632A990A1400775CF0 /* Frameworks */ = {
			isa = PBXFrameworksBuildPhase;
			buildActionMask = 2147483647;
			files = (
			);
			runOnlyForDeploymentPostprocessing = 0;
		};
/* End PBXFrameworksBuildPhase section */

/* Begin PBXGroup section */
		64596A472A990A1200775CF0 = {
			isa = PBXGroup;
			children = (
				64596A522A990A1200775CF0 /* PruebaTecnica */,
				64596A692A990A1500775CF0 /* PruebaTecnicaTests */,
				64596A512A990A1200775CF0 /* Products */,
			);
			sourceTree = "<group>";
		};
		64596A512A990A1200775CF0 /* Products */ = {
			isa = PBXGroup;
			children = (
				64596A502A990A1200775CF0 /* PruebaTecnica.app */,
				64596A662A990A1500775CF0 /* PruebaTecnicaTests.xctest */,
			);
			name = Products;
			sourceTree = "<group>";
		};
		64596A522A990A1200775CF0 /* PruebaTecnica */ = {
			isa = PBXGroup;
			children = (
				64596A532A990A1200775CF0 /* AppDelegate.swift */,
				64596A552A990A1200775CF0 /* SceneDelegate.swift */,
				64596A612A990A1400775CF0 /* Info.plist */,
				64D435B22A9BB98B00578430 /* SchemePruebaTecnica.xctestplan */,
				649EE52D2A9AB778009F6234 /* Menu */,
				649EE5352A9ABA79009F6234 /* Wallet */,
				649EE53D2A9AC055009F6234 /* CryptoDetails */,
				649EE52C2A9AB6C2009F6234 /* Xibs */,
				64596A5C2A990A1400775CF0 /* Assets.xcassets */,
			);
			path = PruebaTecnica;
			sourceTree = "<group>";
		};
		64596A692A990A1500775CF0 /* PruebaTecnicaTests */ = {
			isa = PBXGroup;
			children = (
				649EE5412A9ACBE3009F6234 /* MenuTests */,
				649EE5422A9ACF7A009F6234 /* WalletTests */,
				64D435AB2A9BA78800578430 /* CryptoDetailsTests */,
				64D435AA2A9BA75A00578430 /* Mocks */,
			);
			path = PruebaTecnicaTests;
			sourceTree = "<group>";
		};
		649EE52C2A9AB6C2009F6234 /* Xibs */ = {
			isa = PBXGroup;
			children = (
				64596A5E2A990A1400775CF0 /* LaunchScreen.storyboard */,
				64596A592A990A1200775CF0 /* Main.storyboard */,
				64596A8B2A990BDD00775CF0 /* CryptoCurrencyTableViewCell.xib */,
			);
			path = Xibs;
			sourceTree = "<group>";
		};
		649EE52D2A9AB778009F6234 /* Menu */ = {
			isa = PBXGroup;
			children = (
				649EE52E2A9AB789009F6234 /* View */,
				649EE52F2A9AB792009F6234 /* Presenter */,
				649EE5322A9AB8E3009F6234 /* Model */,
			);
			path = Menu;
			sourceTree = "<group>";
		};
		649EE52E2A9AB789009F6234 /* View */ = {
			isa = PBXGroup;
			children = (
				64596A572A990A1200775CF0 /* MenuViewController.swift */,
			);
			path = View;
			sourceTree = "<group>";
		};
		649EE52F2A9AB792009F6234 /* Presenter */ = {
			isa = PBXGroup;
			children = (
				649EE5302A9AB7FD009F6234 /* MenuPresenter.swift */,
			);
			path = Presenter;
			sourceTree = "<group>";
		};
		649EE5322A9AB8E3009F6234 /* Model */ = {
			isa = PBXGroup;
			children = (
				649EE5332A9AB92E009F6234 /* MenuModel.swift */,
			);
			path = Model;
			sourceTree = "<group>";
		};
		649EE5352A9ABA79009F6234 /* Wallet */ = {
			isa = PBXGroup;
			children = (
				649EE5362A9ABA9C009F6234 /* View */,
				649EE5372A9ABAAB009F6234 /* Presenter */,
				649EE5382A9ABAB6009F6234 /* Model */,
				64D435B52A9BBD3500578430 /* KWallet.swift */,
			);
			path = Wallet;
			sourceTree = "<group>";
		};
		649EE5362A9ABA9C009F6234 /* View */ = {
			isa = PBXGroup;
			children = (
				64596A862A990B2300775CF0 /* WalletViewController.swift */,
				64596A8A2A990BDD00775CF0 /* CryptoCurrencyTableViewCell.swift */,
			);
			path = View;
			sourceTree = "<group>";
		};
		649EE5372A9ABAAB009F6234 /* Presenter */ = {
			isa = PBXGroup;
			children = (
				649EE5392A9ABD26009F6234 /* WalletPresenter.swift */,
			);
			path = Presenter;
			sourceTree = "<group>";
		};
		649EE5382A9ABAB6009F6234 /* Model */ = {
			isa = PBXGroup;
			children = (
				649EE53B2A9ABD7E009F6234 /* WalletModel.swift */,
			);
			path = Model;
			sourceTree = "<group>";
		};
		649EE53D2A9AC055009F6234 /* CryptoDetails */ = {
			isa = PBXGroup;
			children = (
				649EE5402A9AC07A009F6234 /* View */,
				649EE53F2A9AC074009F6234 /* Presenter */,
				649EE53E2A9AC06F009F6234 /* Model */,
				64D435B72A9BBEF700578430 /* KCryptoDetails.swift */,
			);
			path = CryptoDetails;
			sourceTree = "<group>";
		};
		649EE53E2A9AC06F009F6234 /* Model */ = {
			isa = PBXGroup;
			children = (
				64596A8E2A99584700775CF0 /* CurrencyInformation.swift */,
				64596A922A99589B00775CF0 /* CurrencyModel.swift */,
			);
			path = Model;
			sourceTree = "<group>";
		};
		649EE53F2A9AC074009F6234 /* Presenter */ = {
			isa = PBXGroup;
			children = (
				64596A902A99586100775CF0 /* CurrencyPresenter.swift */,
			);
			path = Presenter;
			sourceTree = "<group>";
		};
		649EE5402A9AC07A009F6234 /* View */ = {
			isa = PBXGroup;
			children = (
				64596A882A990B4C00775CF0 /* DetailsViewController.swift */,
			);
			path = View;
			sourceTree = "<group>";
		};
		649EE5412A9ACBE3009F6234 /* MenuTests */ = {
			isa = PBXGroup;
			children = (
				64596A6A2A990A1500775CF0 /* MenuPresenterTests.swift */,
			);
			path = MenuTests;
			sourceTree = "<group>";
		};
		649EE5422A9ACF7A009F6234 /* WalletTests */ = {
			isa = PBXGroup;
			children = (
				649EE5432A9ACFB6009F6234 /* WalletPresenterTests.swift */,
			);
			path = WalletTests;
			sourceTree = "<group>";
		};
		64D435AA2A9BA75A00578430 /* Mocks */ = {
			isa = PBXGroup;
			children = (
				64D435AC2A9BA7B300578430 /* URLProtocolMock.swift */,
				64D435B02A9BA97000578430 /* CurrencyPresenterDelegateMock.swift */,
			);
			path = Mocks;
			sourceTree = "<group>";
		};
		64D435AB2A9BA78800578430 /* CryptoDetailsTests */ = {
			isa = PBXGroup;
			children = (
				64D435AE2A9BA83F00578430 /* CurrencyPresenterTests.swift */,
			);
			path = CryptoDetailsTests;
			sourceTree = "<group>";
		};
/* End PBXGroup section */

/* Begin PBXNativeTarget section */
		64596A4F2A990A1200775CF0 /* PruebaTecnica */ = {
			isa = PBXNativeTarget;
			buildConfigurationList = 64596A7A2A990A1500775CF0 /* Build configuration list for PBXNativeTarget "PruebaTecnica" */;
			buildPhases = (
				64596A4C2A990A1200775CF0 /* Sources */,
				64596A4D2A990A1200775CF0 /* Frameworks */,
				64596A4E2A990A1200775CF0 /* Resources */,
			);
			buildRules = (
			);
			dependencies = (
			);
			name = PruebaTecnica;
			productName = PruebaTecnica;
			productReference = 64596A502A990A1200775CF0 /* PruebaTecnica.app */;
			productType = "com.apple.product-type.application";
		};
		64596A652A990A1400775CF0 /* PruebaTecnicaTests */ = {
			isa = PBXNativeTarget;
			buildConfigurationList = 64596A7D2A990A1500775CF0 /* Build configuration list for PBXNativeTarget "PruebaTecnicaTests" */;
			buildPhases = (
				64596A622A990A1400775CF0 /* Sources */,
				64596A632A990A1400775CF0 /* Frameworks */,
				64596A642A990A1400775CF0 /* Resources */,
			);
			buildRules = (
			);
			dependencies = (
				64596A682A990A1500775CF0 /* PBXTargetDependency */,
			);
			name = PruebaTecnicaTests;
			productName = PruebaTecnicaTests;
			productReference = 64596A662A990A1500775CF0 /* PruebaTecnicaTests.xctest */;
			productType = "com.apple.product-type.bundle.unit-test";
		};
/* End PBXNativeTarget section */

/* Begin PBXProject section */
		64596A482A990A1200775CF0 /* Project object */ = {
			isa = PBXProject;
			attributes = {
				BuildIndependentTargetsInParallel = 1;
				LastSwiftUpdateCheck = 1430;
				LastUpgradeCheck = 1430;
				TargetAttributes = {
					64596A4F2A990A1200775CF0 = {
						CreatedOnToolsVersion = 14.3.1;
					};
					64596A652A990A1400775CF0 = {
						CreatedOnToolsVersion = 14.3.1;
						TestTargetID = 64596A4F2A990A1200775CF0;
					};
				};
			};
			buildConfigurationList = 64596A4B2A990A1200775CF0 /* Build configuration list for PBXProject "PruebaTecnica" */;
			compatibilityVersion = "Xcode 14.0";
			developmentRegion = en;
			hasScannedForEncodings = 0;
			knownRegions = (
				en,
				Base,
			);
			mainGroup = 64596A472A990A1200775CF0;
			productRefGroup = 64596A512A990A1200775CF0 /* Products */;
			projectDirPath = "";
			projectRoot = "";
			targets = (
				64596A4F2A990A1200775CF0 /* PruebaTecnica */,
				64596A652A990A1400775CF0 /* PruebaTecnicaTests */,
			);
		};
/* End PBXProject section */

/* Begin PBXResourcesBuildPhase section */
		64596A4E2A990A1200775CF0 /* Resources */ = {
			isa = PBXResourcesBuildPhase;
			buildActionMask = 2147483647;
			files = (
				64596A602A990A1400775CF0 /* LaunchScreen.storyboard in Resources */,
				64596A5D2A990A1400775CF0 /* Assets.xcassets in Resources */,
				64596A5B2A990A1200775CF0 /* Main.storyboard in Resources */,
				64596A8D2A990BDD00775CF0 /* CryptoCurrencyTableViewCell.xib in Resources */,
			);
			runOnlyForDeploymentPostprocessing = 0;
		};
		64596A642A990A1400775CF0 /* Resources */ = {
			isa = PBXResourcesBuildPhase;
			buildActionMask = 2147483647;
			files = (
			);
			runOnlyForDeploymentPostprocessing = 0;
		};
/* End PBXResourcesBuildPhase section */

/* Begin PBXSourcesBuildPhase section */
		64596A4C2A990A1200775CF0 /* Sources */ = {
			isa = PBXSourcesBuildPhase;
			buildActionMask = 2147483647;
			files = (
				64D435B82A9BBEF700578430 /* KCryptoDetails.swift in Sources */,
				64596A582A990A1200775CF0 /* MenuViewController.swift in Sources */,
				64596A8C2A990BDD00775CF0 /* CryptoCurrencyTableViewCell.swift in Sources */,
				649EE5312A9AB7FD009F6234 /* MenuPresenter.swift in Sources */,
				64596A872A990B2300775CF0 /* WalletViewController.swift in Sources */,
				64596A542A990A1200775CF0 /* AppDelegate.swift in Sources */,
				649EE53A2A9ABD26009F6234 /* WalletPresenter.swift in Sources */,
				64D435B62A9BBD3500578430 /* KWallet.swift in Sources */,
				64596A562A990A1200775CF0 /* SceneDelegate.swift in Sources */,
				649EE53C2A9ABD7E009F6234 /* WalletModel.swift in Sources */,
				64596A932A99589B00775CF0 /* CurrencyModel.swift in Sources */,
				649EE5342A9AB92E009F6234 /* MenuModel.swift in Sources */,
				64596A892A990B4C00775CF0 /* DetailsViewController.swift in Sources */,
				64596A912A99586100775CF0 /* CurrencyPresenter.swift in Sources */,
				64596A8F2A99584700775CF0 /* CurrencyInformation.swift in Sources */,
			);
			runOnlyForDeploymentPostprocessing = 0;
		};
		64596A622A990A1400775CF0 /* Sources */ = {
			isa = PBXSourcesBuildPhase;
			buildActionMask = 2147483647;
			files = (
				64596A6B2A990A1500775CF0 /* MenuPresenterTests.swift in Sources */,
				64D435AF2A9BA83F00578430 /* CurrencyPresenterTests.swift in Sources */,
				64D435B12A9BA97000578430 /* CurrencyPresenterDelegateMock.swift in Sources */,
				64D435AD2A9BA7B300578430 /* URLProtocolMock.swift in Sources */,
				649EE5442A9ACFB6009F6234 /* WalletPresenterTests.swift in Sources */,
			);
			runOnlyForDeploymentPostprocessing = 0;
		};
/* End PBXSourcesBuildPhase section */

/* Begin PBXTargetDependency section */
		64596A682A990A1500775CF0 /* PBXTargetDependency */ = {
			isa = PBXTargetDependency;
			target = 64596A4F2A990A1200775CF0 /* PruebaTecnica */;
			targetProxy = 64596A672A990A1500775CF0 /* PBXContainerItemProxy */;
		};
/* End PBXTargetDependency section */

/* Begin PBXVariantGroup section */
		64596A592A990A1200775CF0 /* Main.storyboard */ = {
			isa = PBXVariantGroup;
			children = (
				64596A5A2A990A1200775CF0 /* Base */,
			);
			name = Main.storyboard;
			sourceTree = "<group>";
		};
		64596A5E2A990A1400775CF0 /* LaunchScreen.storyboard */ = {
			isa = PBXVariantGroup;
			children = (
				64596A5F2A990A1400775CF0 /* Base */,
			);
			name = LaunchScreen.storyboard;
			sourceTree = "<group>";
		};
/* End PBXVariantGroup section */

/* Begin XCBuildConfiguration section */
		64596A782A990A1500775CF0 /* Debug */ = {
			isa = XCBuildConfiguration;
			buildSettings = {
				ALWAYS_SEARCH_USER_PATHS = NO;
				CLANG_ANALYZER_NONNULL = YES;
				CLANG_ANALYZER_NUMBER_OBJECT_CONVERSION = YES_AGGRESSIVE;
				CLANG_CXX_LANGUAGE_STANDARD = "gnu++20";
				CLANG_ENABLE_MODULES = YES;
				CLANG_ENABLE_OBJC_ARC = YES;
				CLANG_ENABLE_OBJC_WEAK = YES;
				CLANG_WARN_BLOCK_CAPTURE_AUTORELEASING = YES;
				CLANG_WARN_BOOL_CONVERSION = YES;
				CLANG_WARN_COMMA = YES;
				CLANG_WARN_CONSTANT_CONVERSION = YES;
				CLANG_WARN_DEPRECATED_OBJC_IMPLEMENTATIONS = YES;
				CLANG_WARN_DIRECT_OBJC_ISA_USAGE = YES_ERROR;
				CLANG_WARN_DOCUMENTATION_COMMENTS = YES;
				CLANG_WARN_EMPTY_BODY = YES;
				CLANG_WARN_ENUM_CONVERSION = YES;
				CLANG_WARN_INFINITE_RECURSION = YES;
				CLANG_WARN_INT_CONVERSION = YES;
				CLANG_WARN_NON_LITERAL_NULL_CONVERSION = YES;
				CLANG_WARN_OBJC_IMPLICIT_RETAIN_SELF = YES;
				CLANG_WARN_OBJC_LITERAL_CONVERSION = YES;
				CLANG_WARN_OBJC_ROOT_CLASS = YES_ERROR;
				CLANG_WARN_QUOTED_INCLUDE_IN_FRAMEWORK_HEADER = YES;
				CLANG_WARN_RANGE_LOOP_ANALYSIS = YES;
				CLANG_WARN_STRICT_PROTOTYPES = YES;
				CLANG_WARN_SUSPICIOUS_MOVE = YES;
				CLANG_WARN_UNGUARDED_AVAILABILITY = YES_AGGRESSIVE;
				CLANG_WARN_UNREACHABLE_CODE = YES;
				CLANG_WARN__DUPLICATE_METHOD_MATCH = YES;
				COPY_PHASE_STRIP = NO;
				DEBUG_INFORMATION_FORMAT = dwarf;
				ENABLE_STRICT_OBJC_MSGSEND = YES;
				ENABLE_TESTABILITY = YES;
				GCC_C_LANGUAGE_STANDARD = gnu11;
				GCC_DYNAMIC_NO_PIC = NO;
				GCC_NO_COMMON_BLOCKS = YES;
				GCC_OPTIMIZATION_LEVEL = 0;
				GCC_PREPROCESSOR_DEFINITIONS = (
					"DEBUG=1",
					"$(inherited)",
				);
				GCC_WARN_64_TO_32_BIT_CONVERSION = YES;
				GCC_WARN_ABOUT_RETURN_TYPE = YES_ERROR;
				GCC_WARN_UNDECLARED_SELECTOR = YES;
				GCC_WARN_UNINITIALIZED_AUTOS = YES_AGGRESSIVE;
				GCC_WARN_UNUSED_FUNCTION = YES;
				GCC_WARN_UNUSED_VARIABLE = YES;
				IPHONEOS_DEPLOYMENT_TARGET = 16.4;
				MTL_ENABLE_DEBUG_INFO = INCLUDE_SOURCE;
				MTL_FAST_MATH = YES;
				ONLY_ACTIVE_ARCH = YES;
				SDKROOT = iphoneos;
				SWIFT_ACTIVE_COMPILATION_CONDITIONS = DEBUG;
				SWIFT_OPTIMIZATION_LEVEL = "-Onone";
			};
			name = Debug;
		};
		64596A792A990A1500775CF0 /* Release */ = {
			isa = XCBuildConfiguration;
			buildSettings = {
				ALWAYS_SEARCH_USER_PATHS = NO;
				CLANG_ANALYZER_NONNULL = YES;
				CLANG_ANALYZER_NUMBER_OBJECT_CONVERSION = YES_AGGRESSIVE;
				CLANG_CXX_LANGUAGE_STANDARD = "gnu++20";
				CLANG_ENABLE_MODULES = YES;
				CLANG_ENABLE_OBJC_ARC = YES;
				CLANG_ENABLE_OBJC_WEAK = YES;
				CLANG_WARN_BLOCK_CAPTURE_AUTORELEASING = YES;
				CLANG_WARN_BOOL_CONVERSION = YES;
				CLANG_WARN_COMMA = YES;
				CLANG_WARN_CONSTANT_CONVERSION = YES;
				CLANG_WARN_DEPRECATED_OBJC_IMPLEMENTATIONS = YES;
				CLANG_WARN_DIRECT_OBJC_ISA_USAGE = YES_ERROR;
				CLANG_WARN_DOCUMENTATION_COMMENTS = YES;
				CLANG_WARN_EMPTY_BODY = YES;
				CLANG_WARN_ENUM_CONVERSION = YES;
				CLANG_WARN_INFINITE_RECURSION = YES;
				CLANG_WARN_INT_CONVERSION = YES;
				CLANG_WARN_NON_LITERAL_NULL_CONVERSION = YES;
				CLANG_WARN_OBJC_IMPLICIT_RETAIN_SELF = YES;
				CLANG_WARN_OBJC_LITERAL_CONVERSION = YES;
				CLANG_WARN_OBJC_ROOT_CLASS = YES_ERROR;
				CLANG_WARN_QUOTED_INCLUDE_IN_FRAMEWORK_HEADER = YES;
				CLANG_WARN_RANGE_LOOP_ANALYSIS = YES;
				CLANG_WARN_STRICT_PROTOTYPES = YES;
				CLANG_WARN_SUSPICIOUS_MOVE = YES;
				CLANG_WARN_UNGUARDED_AVAILABILITY = YES_AGGRESSIVE;
				CLANG_WARN_UNREACHABLE_CODE = YES;
				CLANG_WARN__DUPLICATE_METHOD_MATCH = YES;
				COPY_PHASE_STRIP = NO;
				DEBUG_INFORMATION_FORMAT = "dwarf-with-dsym";
				ENABLE_NS_ASSERTIONS = NO;
				ENABLE_STRICT_OBJC_MSGSEND = YES;
				GCC_C_LANGUAGE_STANDARD = gnu11;
				GCC_NO_COMMON_BLOCKS = YES;
				GCC_WARN_64_TO_32_BIT_CONVERSION = YES;
				GCC_WARN_ABOUT_RETURN_TYPE = YES_ERROR;
				GCC_WARN_UNDECLARED_SELECTOR = YES;
				GCC_WARN_UNINITIALIZED_AUTOS = YES_AGGRESSIVE;
				GCC_WARN_UNUSED_FUNCTION = YES;
				GCC_WARN_UNUSED_VARIABLE = YES;
				IPHONEOS_DEPLOYMENT_TARGET = 16.4;
				MTL_ENABLE_DEBUG_INFO = NO;
				MTL_FAST_MATH = YES;
				SDKROOT = iphoneos;
				SWIFT_COMPILATION_MODE = wholemodule;
				SWIFT_OPTIMIZATION_LEVEL = "-O";
				VALIDATE_PRODUCT = YES;
			};
			name = Release;
		};
		64596A7B2A990A1500775CF0 /* Debug */ = {
			isa = XCBuildConfiguration;
			buildSettings = {
				ASSETCATALOG_COMPILER_APPICON_NAME = AppIcon;
				ASSETCATALOG_COMPILER_GLOBAL_ACCENT_COLOR_NAME = AccentColor;
				CODE_SIGN_STYLE = Automatic;
				CURRENT_PROJECT_VERSION = 1;
				GENERATE_INFOPLIST_FILE = YES;
				INFOPLIST_FILE = PruebaTecnica/Info.plist;
				INFOPLIST_KEY_UIApplicationSupportsIndirectInputEvents = YES;
				INFOPLIST_KEY_UILaunchStoryboardName = LaunchScreen;
				INFOPLIST_KEY_UIMainStoryboardFile = Main;
				INFOPLIST_KEY_UISupportedInterfaceOrientations_iPad = "UIInterfaceOrientationPortrait UIInterfaceOrientationPortraitUpsideDown UIInterfaceOrientationLandscapeLeft UIInterfaceOrientationLandscapeRight";
				INFOPLIST_KEY_UISupportedInterfaceOrientations_iPhone = "UIInterfaceOrientationPortrait UIInterfaceOrientationLandscapeLeft UIInterfaceOrientationLandscapeRight";
				LD_RUNPATH_SEARCH_PATHS = (
					"$(inherited)",
					"@executable_path/Frameworks",
				);
				MARKETING_VERSION = 1.0;
				PRODUCT_BUNDLE_IDENTIFIER = miguelrod.PruebaTecnica;
				PRODUCT_NAME = "$(TARGET_NAME)";
				SWIFT_EMIT_LOC_STRINGS = YES;
				SWIFT_VERSION = 5.0;
				TARGETED_DEVICE_FAMILY = "1,2";
			};
			name = Debug;
		};
		64596A7C2A990A1500775CF0 /* Release */ = {
			isa = XCBuildConfiguration;
			buildSettings = {
				ASSETCATALOG_COMPILER_APPICON_NAME = AppIcon;
				ASSETCATALOG_COMPILER_GLOBAL_ACCENT_COLOR_NAME = AccentColor;
				CODE_SIGN_STYLE = Automatic;
				CURRENT_PROJECT_VERSION = 1;
				GENERATE_INFOPLIST_FILE = YES;
				INFOPLIST_FILE = PruebaTecnica/Info.plist;
				INFOPLIST_KEY_UIApplicationSupportsIndirectInputEvents = YES;
				INFOPLIST_KEY_UILaunchStoryboardName = LaunchScreen;
				INFOPLIST_KEY_UIMainStoryboardFile = Main;
				INFOPLIST_KEY_UISupportedInterfaceOrientations_iPad = "UIInterfaceOrientationPortrait UIInterfaceOrientationPortraitUpsideDown UIInterfaceOrientationLandscapeLeft UIInterfaceOrientationLandscapeRight";
				INFOPLIST_KEY_UISupportedInterfaceOrientations_iPhone = "UIInterfaceOrientationPortrait UIInterfaceOrientationLandscapeLeft UIInterfaceOrientationLandscapeRight";
				LD_RUNPATH_SEARCH_PATHS = (
					"$(inherited)",
					"@executable_path/Frameworks",
				);
				MARKETING_VERSION = 1.0;
				PRODUCT_BUNDLE_IDENTIFIER = miguelrod.PruebaTecnica;
				PRODUCT_NAME = "$(TARGET_NAME)";
				SWIFT_EMIT_LOC_STRINGS = YES;
				SWIFT_VERSION = 5.0;
				TARGETED_DEVICE_FAMILY = "1,2";
			};
			name = Release;
		};
		64596A7E2A990A1500775CF0 /* Debug */ = {
			isa = XCBuildConfiguration;
			buildSettings = {
				ALWAYS_EMBED_SWIFT_STANDARD_LIBRARIES = YES;
				BUNDLE_LOADER = "$(TEST_HOST)";
				CODE_SIGN_STYLE = Automatic;
				CURRENT_PROJECT_VERSION = 1;
				GENERATE_INFOPLIST_FILE = YES;
				IPHONEOS_DEPLOYMENT_TARGET = 16.4;
				MARKETING_VERSION = 1.0;
				PRODUCT_BUNDLE_IDENTIFIER = miguelrod.PruebaTecnicaTests;
				PRODUCT_NAME = "$(TARGET_NAME)";
				SWIFT_EMIT_LOC_STRINGS = NO;
				SWIFT_VERSION = 5.0;
				TARGETED_DEVICE_FAMILY = "1,2";
				TEST_HOST = "$(BUILT_PRODUCTS_DIR)/PruebaTecnica.app/$(BUNDLE_EXECUTABLE_FOLDER_PATH)/PruebaTecnica";
			};
			name = Debug;
		};
		64596A7F2A990A1500775CF0 /* Release */ = {
			isa = XCBuildConfiguration;
			buildSettings = {
				ALWAYS_EMBED_SWIFT_STANDARD_LIBRARIES = YES;
				BUNDLE_LOADER = "$(TEST_HOST)";
				CODE_SIGN_STYLE = Automatic;
				CURRENT_PROJECT_VERSION = 1;
				GENERATE_INFOPLIST_FILE = YES;
				IPHONEOS_DEPLOYMENT_TARGET = 16.4;
				MARKETING_VERSION = 1.0;
				PRODUCT_BUNDLE_IDENTIFIER = miguelrod.PruebaTecnicaTests;
				PRODUCT_NAME = "$(TARGET_NAME)";
				SWIFT_EMIT_LOC_STRINGS = NO;
				SWIFT_VERSION = 5.0;
				TARGETED_DEVICE_FAMILY = "1,2";
				TEST_HOST = "$(BUILT_PRODUCTS_DIR)/PruebaTecnica.app/$(BUNDLE_EXECUTABLE_FOLDER_PATH)/PruebaTecnica";
			};
			name = Release;
		};
/* End XCBuildConfiguration section */

/* Begin XCConfigurationList section */
		64596A4B2A990A1200775CF0 /* Build configuration list for PBXProject "PruebaTecnica" */ = {
			isa = XCConfigurationList;
			buildConfigurations = (
				64596A782A990A1500775CF0 /* Debug */,
				64596A792A990A1500775CF0 /* Release */,
			);
			defaultConfigurationIsVisible = 0;
			defaultConfigurationName = Release;
		};
		64596A7A2A990A1500775CF0 /* Build configuration list for PBXNativeTarget "PruebaTecnica" */ = {
			isa = XCConfigurationList;
			buildConfigurations = (
				64596A7B2A990A1500775CF0 /* Debug */,
				64596A7C2A990A1500775CF0 /* Release */,
			);
			defaultConfigurationIsVisible = 0;
			defaultConfigurationName = Release;
		};
		64596A7D2A990A1500775CF0 /* Build configuration list for PBXNativeTarget "PruebaTecnicaTests" */ = {
			isa = XCConfigurationList;
			buildConfigurations = (
				64596A7E2A990A1500775CF0 /* Debug */,
				64596A7F2A990A1500775CF0 /* Release */,
			);
			defaultConfigurationIsVisible = 0;
			defaultConfigurationName = Release;
		};
/* End XCConfigurationList section */
	};
	rootObject = 64596A482A990A1200775CF0 /* Project object */;
}
